
Microsoft Visual Studio Solution File, Format Version 12.00
# Visual Studio 15
VisualStudioVersion = 15.0.27428.2043
MinimumVisualStudioVersion = 10.0.40219.1
Project("{9A19103F-16F7-4668-BE54-9A1E7A4F7556}") = "AWSLambda1", "AWSLambda1\AWSLambda1.csproj", "{06B2F1C1-6755-4D23-9B7D-A1A6948BDAE0}"
EndProject
Global
	GlobalSection(SolutionConfigurationPlatforms) = preSolution
		Debug|Any CPU = Debug|Any CPU
		Release|Any CPU = Release|Any CPU
	EndGlobalSection
	GlobalSection(ProjectConfigurationPlatforms) = postSolution
		{06B2F1C1-6755-4D23-9B7D-A1A6948BDAE0}.Debug|Any CPU.ActiveCfg = Debug|Any CPU
		{06B2F1C1-6755-4D23-9B7D-A1A6948BDAE0}.Debug|Any CPU.Build.0 = Debug|Any CPU
		{06B2F1C1-6755-4D23-9B7D-A1A6948BDAE0}.Release|Any CPU.ActiveCfg = Release|Any CPU
		{06B2F1C1-6755-4D23-9B7D-A1A6948BDAE0}.Release|Any CPU.Build.0 = Release|Any CPU
	EndGlobalSection
	GlobalSection(SolutionProperties) = preSolution
		HideSolutionNode = FALSE
	EndGlobalSection
	GlobalSection(ExtensibilityGlobals) = postSolution
		SolutionGuid = {D44A6341-D1D2-48AF-A38A-2866AB914D9A}
	EndGlobalSection
EndGlobal
